// !$*UTF8*$!
{
	archiveVersion = 1;
	classes = {
	};
	objectVersion = 46;
	objects = {

/* Begin PBXBuildFile section */
		A9004BBB1C56BCE4003EA41A /* AppDelegate.swift in Sources */ = {isa = PBXBuildFile; fileRef = A9004BBA1C56BCE4003EA41A /* AppDelegate.swift */; };
		A9004BBD1C56BCE4003EA41A /* ViewController.swift in Sources */ = {isa = PBXBuildFile; fileRef = A9004BBC1C56BCE4003EA41A /* ViewController.swift */; };
		A9004BC01C56BCE4003EA41A /* Main.storyboard in Resources */ = {isa = PBXBuildFile; fileRef = A9004BBE1C56BCE4003EA41A /* Main.storyboard */; };
		A9004BC21C56BCE4003EA41A /* Assets.xcassets in Resources */ = {isa = PBXBuildFile; fileRef = A9004BC11C56BCE4003EA41A /* Assets.xcassets */; };
		A9004BC51C56BCE4003EA41A /* LaunchScreen.storyboard in Resources */ = {isa = PBXBuildFile; fileRef = A9004BC31C56BCE4003EA41A /* LaunchScreen.storyboard */; };
		A9004BCA1C56BCE4003EA41A /* Exercise11 WatchKit App.app in Embed Watch Content */ = {isa = PBXBuildFile; fileRef = A9004BC91C56BCE4003EA41A /* Exercise11 WatchKit App.app */; };
		A9004BD01C56BCE4003EA41A /* Interface.storyboard in Resources */ = {isa = PBXBuildFile; fileRef = A9004BCE1C56BCE4003EA41A /* Interface.storyboard */; };
		A9004BD21C56BCE4003EA41A /* Assets.xcassets in Resources */ = {isa = PBXBuildFile; fileRef = A9004BD11C56BCE4003EA41A /* Assets.xcassets */; };
		A9004BD91C56BCE4003EA41A /* Exercise11 WatchKit Extension.appex in Embed App Extensions */ = {isa = PBXBuildFile; fileRef = A9004BD81C56BCE4003EA41A /* Exercise11 WatchKit Extension.appex */; settings = {ATTRIBUTES = (RemoveHeadersOnCopy, ); }; };
		A9004BDE1C56BCE4003EA41A /* InterfaceController.swift in Sources */ = {isa = PBXBuildFile; fileRef = A9004BDD1C56BCE4003EA41A /* InterfaceController.swift */; };
		A9004BE01C56BCE4003EA41A /* ExtensionDelegate.swift in Sources */ = {isa = PBXBuildFile; fileRef = A9004BDF1C56BCE4003EA41A /* ExtensionDelegate.swift */; };
		A9004BE21C56BCE4003EA41A /* Assets.xcassets in Resources */ = {isa = PBXBuildFile; fileRef = A9004BE11C56BCE4003EA41A /* Assets.xcassets */; };
/* End PBXBuildFile section */

/* Begin PBXContainerItemProxy section */
		A9004BCB1C56BCE4003EA41A /* PBXContainerItemProxy */ = {
			isa = PBXContainerItemProxy;
			containerPortal = A9004BAF1C56BCE4003EA41A /* Project object */;
			proxyType = 1;
			remoteGlobalIDString = A9004BC81C56BCE4003EA41A;
			remoteInfo = "Exercise11 WatchKit App";
		};
		A9004BDA1C56BCE4003EA41A /* PBXContainerItemProxy */ = {
			isa = PBXContainerItemProxy;
			containerPortal = A9004BAF1C56BCE4003EA41A /* Project object */;
			proxyType = 1;
			remoteGlobalIDString = A9004BD71C56BCE4003EA41A;
			remoteInfo = "Exercise11 WatchKit Extension";
		};
/* End PBXContainerItemProxy section */

/* Begin PBXCopyFilesBuildPhase section */
		A9004BE91C56BCE4003EA41A /* Embed App Extensions */ = {
			isa = PBXCopyFilesBuildPhase;
			buildActionMask = 2147483647;
			dstPath = "";
			dstSubfolderSpec = 13;
			files = (
				A9004BD91C56BCE4003EA41A /* Exercise11 WatchKit Extension.appex in Embed App Extensions */,
			);
			name = "Embed App Extensions";
			runOnlyForDeploymentPostprocessing = 0;
		};
		A9004BED1C56BCE4003EA41A /* Embed Watch Content */ = {
			isa = PBXCopyFilesBuildPhase;
			buildActionMask = 2147483647;
			dstPath = "$(CONTENTS_FOLDER_PATH)/Watch";
			dstSubfolderSpec = 16;
			files = (
				A9004BCA1C56BCE4003EA41A /* Exercise11 WatchKit App.app in Embed Watch Content */,
			);
			name = "Embed Watch Content";
			runOnlyForDeploymentPostprocessing = 0;
		};
/* End PBXCopyFilesBuildPhase section */

/* Begin PBXFileReference section */
		A9004BB71C56BCE4003EA41A /* Exercise11.app */ = {isa = PBXFileReference; explicitFileType = wrapper.application; includeInIndex = 0; path = Exercise11.app; sourceTree = BUILT_PRODUCTS_DIR; };
		A9004BBA1C56BCE4003EA41A /* AppDelegate.swift */ = {isa = PBXFileReference; lastKnownFileType = sourcecode.swift; path = AppDelegate.swift; sourceTree = "<group>"; };
		A9004BBC1C56BCE4003EA41A /* ViewController.swift */ = {isa = PBXFileReference; lastKnownFileType = sourcecode.swift; path = ViewController.swift; sourceTree = "<group>"; };
		A9004BBF1C56BCE4003EA41A /* Base */ = {isa = PBXFileReference; lastKnownFileType = file.storyboard; name = Base; path = Base.lproj/Main.storyboard; sourceTree = "<group>"; };
		A9004BC11C56BCE4003EA41A /* Assets.xcassets */ = {isa = PBXFileReference; lastKnownFileType = folder.assetcatalog; path = Assets.xcassets; sourceTree = "<group>"; };
		A9004BC41C56BCE4003EA41A /* Base */ = {isa = PBXFileReference; lastKnownFileType = file.storyboard; name = Base; path = Base.lproj/LaunchScreen.storyboard; sourceTree = "<group>"; };
		A9004BC61C56BCE4003EA41A /* Info.plist */ = {isa = PBXFileReference; lastKnownFileType = text.plist.xml; path = Info.plist; sourceTree = "<group>"; };
		A9004BC91C56BCE4003EA41A /* Exercise11 WatchKit App.app */ = {isa = PBXFileReference; explicitFileType = wrapper.application; includeInIndex = 0; path = "Exercise11 WatchKit App.app"; sourceTree = BUILT_PRODUCTS_DIR; };
		A9004BCF1C56BCE4003EA41A /* Base */ = {isa = PBXFileReference; lastKnownFileType = file.storyboard; name = Base; path = Base.lproj/Interface.storyboard; sourceTree = "<group>"; };
		A9004BD11C56BCE4003EA41A /* Assets.xcassets */ = {isa = PBXFileReference; lastKnownFileType = folder.assetcatalog; path = Assets.xcassets; sourceTree = "<group>"; };
		A9004BD31C56BCE4003EA41A /* Info.plist */ = {isa = PBXFileReference; lastKnownFileType = text.plist.xml; path = Info.plist; sourceTree = "<group>"; };
		A9004BD81C56BCE4003EA41A /* Exercise11 WatchKit Extension.appex */ = {isa = PBXFileReference; explicitFileType = "wrapper.app-extension"; includeInIndex = 0; path = "Exercise11 WatchKit Extension.appex"; sourceTree = BUILT_PRODUCTS_DIR; };
		A9004BDD1C56BCE4003EA41A /* InterfaceController.swift */ = {isa = PBXFileReference; lastKnownFileType = sourcecode.swift; path = InterfaceController.swift; sourceTree = "<group>"; };
		A9004BDF1C56BCE4003EA41A /* ExtensionDelegate.swift */ = {isa = PBXFileReference; lastKnownFileType = sourcecode.swift; path = ExtensionDelegate.swift; sourceTree = "<group>"; };
		A9004BE11C56BCE4003EA41A /* Assets.xcassets */ = {isa = PBXFileReference; lastKnownFileType = folder.assetcatalog; path = Assets.xcassets; sourceTree = "<group>"; };
		A9004BE31C56BCE4003EA41A /* Info.plist */ = {isa = PBXFileReference; lastKnownFileType = text.plist.xml; path = Info.plist; sourceTree = "<group>"; };
/* End PBXFileReference section */

/* Begin PBXFrameworksBuildPhase section */
		A9004BB41C56BCE4003EA41A /* Frameworks */ = {
			isa = PBXFrameworksBuildPhase;
			buildActionMask = 2147483647;
			files = (
			);
			runOnlyForDeploymentPostprocessing = 0;
		};
		A9004BD51C56BCE4003EA41A /* Frameworks */ = {
			isa = PBXFrameworksBuildPhase;
			buildActionMask = 2147483647;
			files = (
			);
			runOnlyForDeploymentPostprocessing = 0;
		};
/* End PBXFrameworksBuildPhase section */

/* Begin PBXGroup section */
		A9004BAE1C56BCE4003EA41A = {
			isa = PBXGroup;
			children = (
				A9004BB91C56BCE4003EA41A /* Exercise11 */,
				A9004BCD1C56BCE4003EA41A /* Exercise11 WatchKit App */,
				A9004BDC1C56BCE4003EA41A /* Exercise11 WatchKit Extension */,
				A9004BB81C56BCE4003EA41A /* Products */,
			);
			sourceTree = "<group>";
		};
		A9004BB81C56BCE4003EA41A /* Products */ = {
			isa = PBXGroup;
			children = (
				A9004BB71C56BCE4003EA41A /* Exercise11.app */,
				A9004BC91C56BCE4003EA41A /* Exercise11 WatchKit App.app */,
				A9004BD81C56BCE4003EA41A /* Exercise11 WatchKit Extension.appex */,
			);
			name = Products;
			sourceTree = "<group>";
		};
		A9004BB91C56BCE4003EA41A /* Exercise11 */ = {
			isa = PBXGroup;
			children = (
				A9004BBA1C56BCE4003EA41A /* AppDelegate.swift */,
				A9004BBC1C56BCE4003EA41A /* ViewController.swift */,
				A9004BBE1C56BCE4003EA41A /* Main.storyboard */,
				A9004BC11C56BCE4003EA41A /* Assets.xcassets */,
				A9004BC31C56BCE4003EA41A /* LaunchScreen.storyboard */,
				A9004BC61C56BCE4003EA41A /* Info.plist */,
			);
			path = Exercise11;
			sourceTree = "<group>";
		};
		A9004BCD1C56BCE4003EA41A /* Exercise11 WatchKit App */ = {
			isa = PBXGroup;
			children = (
				A9004BCE1C56BCE4003EA41A /* Interface.storyboard */,
				A9004BD11C56BCE4003EA41A /* Assets.xcassets */,
				A9004BD31C56BCE4003EA41A /* Info.plist */,
			);
			path = "Exercise11 WatchKit App";
			sourceTree = "<group>";
		};
		A9004BDC1C56BCE4003EA41A /* Exercise11 WatchKit Extension */ = {
			isa = PBXGroup;
			children = (
				A9004BDD1C56BCE4003EA41A /* InterfaceController.swift */,
				A9004BDF1C56BCE4003EA41A /* ExtensionDelegate.swift */,
				A9004BE11C56BCE4003EA41A /* Assets.xcassets */,
				A9004BE31C56BCE4003EA41A /* Info.plist */,
			);
			path = "Exercise11 WatchKit Extension";
			sourceTree = "<group>";
		};
/* End PBXGroup section */

/* Begin PBXNativeTarget section */
		A9004BB61C56BCE4003EA41A /* Exercise11 */ = {
			isa = PBXNativeTarget;
			buildConfigurationList = A9004BEE1C56BCE4003EA41A /* Build configuration list for PBXNativeTarget "Exercise11" */;
			buildPhases = (
				A9004BB31C56BCE4003EA41A /* Sources */,
				A9004BB41C56BCE4003EA41A /* Frameworks */,
				A9004BB51C56BCE4003EA41A /* Resources */,
				A9004BED1C56BCE4003EA41A /* Embed Watch Content */,
			);
			buildRules = (
			);
			dependencies = (
				A9004BCC1C56BCE4003EA41A /* PBXTargetDependency */,
			);
			name = Exercise11;
			productName = Exercise11;
			productReference = A9004BB71C56BCE4003EA41A /* Exercise11.app */;
			productType = "com.apple.product-type.application";
		};
		A9004BC81C56BCE4003EA41A /* Exercise11 WatchKit App */ = {
			isa = PBXNativeTarget;
			buildConfigurationList = A9004BEA1C56BCE4003EA41A /* Build configuration list for PBXNativeTarget "Exercise11 WatchKit App" */;
			buildPhases = (
				A9004BC71C56BCE4003EA41A /* Resources */,
				A9004BE91C56BCE4003EA41A /* Embed App Extensions */,
			);
			buildRules = (
			);
			dependencies = (
				A9004BDB1C56BCE4003EA41A /* PBXTargetDependency */,
			);
			name = "Exercise11 WatchKit App";
			productName = "Exercise11 WatchKit App";
			productReference = A9004BC91C56BCE4003EA41A /* Exercise11 WatchKit App.app */;
			productType = "com.apple.product-type.application.watchapp2";
		};
		A9004BD71C56BCE4003EA41A /* Exercise11 WatchKit Extension */ = {
			isa = PBXNativeTarget;
			buildConfigurationList = A9004BE61C56BCE4003EA41A /* Build configuration list for PBXNativeTarget "Exercise11 WatchKit Extension" */;
			buildPhases = (
				A9004BD41C56BCE4003EA41A /* Sources */,
				A9004BD51C56BCE4003EA41A /* Frameworks */,
				A9004BD61C56BCE4003EA41A /* Resources */,
			);
			buildRules = (
			);
			dependencies = (
			);
			name = "Exercise11 WatchKit Extension";
			productName = "Exercise11 WatchKit Extension";
			productReference = A9004BD81C56BCE4003EA41A /* Exercise11 WatchKit Extension.appex */;
			productType = "com.apple.product-type.watchkit2-extension";
		};
/* End PBXNativeTarget section */

/* Begin PBXProject section */
		A9004BAF1C56BCE4003EA41A /* Project object */ = {
			isa = PBXProject;
			attributes = {
				LastSwiftUpdateCheck = 0720;
				LastUpgradeCheck = 0720;
				ORGANIZATIONNAME = UPSA;
				TargetAttributes = {
					A9004BB61C56BCE4003EA41A = {
						CreatedOnToolsVersion = 7.2;
						DevelopmentTeam = MDH593987K;
					};
					A9004BC81C56BCE4003EA41A = {
						CreatedOnToolsVersion = 7.2;
						DevelopmentTeam = MDH593987K;
					};
					A9004BD71C56BCE4003EA41A = {
						CreatedOnToolsVersion = 7.2;
						DevelopmentTeam = MDH593987K;
					};
				};
			};
			buildConfigurationList = A9004BB21C56BCE4003EA41A /* Build configuration list for PBXProject "Exercise11" */;
			compatibilityVersion = "Xcode 3.2";
			developmentRegion = English;
			hasScannedForEncodings = 0;
			knownRegions = (
				en,
				Base,
			);
			mainGroup = A9004BAE1C56BCE4003EA41A;
			productRefGroup = A9004BB81C56BCE4003EA41A /* Products */;
			projectDirPath = "";
			projectRoot = "";
			targets = (
				A9004BB61C56BCE4003EA41A /* Exercise11 */,
				A9004BC81C56BCE4003EA41A /* Exercise11 WatchKit App */,
				A9004BD71C56BCE4003EA41A /* Exercise11 WatchKit Extension */,
			);
		};
/* End PBXProject section */

/* Begin PBXResourcesBuildPhase section */
		A9004BB51C56BCE4003EA41A /* Resources */ = {
			isa = PBXResourcesBuildPhase;
			buildActionMask = 2147483647;
			files = (
				A9004BC51C56BCE4003EA41A /* LaunchScreen.storyboard in Resources */,
				A9004BC21C56BCE4003EA41A /* Assets.xcassets in Resources */,
				A9004BC01C56BCE4003EA41A /* Main.storyboard in Resources */,
			);
			runOnlyForDeploymentPostprocessing = 0;
		};
		A9004BC71C56BCE4003EA41A /* Resources */ = {
			isa = PBXResourcesBuildPhase;
			buildActionMask = 2147483647;
			files = (
				A9004BD21C56BCE4003EA41A /* Assets.xcassets in Resources */,
				A9004BD01C56BCE4003EA41A /* Interface.storyboard in Resources */,
			);
			runOnlyForDeploymentPostprocessing = 0;
		};
		A9004BD61C56BCE4003EA41A /* Resources */ = {
			isa = PBXResourcesBuildPhase;
			buildActionMask = 2147483647;
			files = (
				A9004BE21C56BCE4003EA41A /* Assets.xcassets in Resources */,
			);
			runOnlyForDeploymentPostprocessing = 0;
		};
/* End PBXResourcesBuildPhase section */

/* Begin PBXSourcesBuildPhase section */
		A9004BB31C56BCE4003EA41A /* Sources */ = {
			isa = PBXSourcesBuildPhase;
			buildActionMask = 2147483647;
			files = (
				A9004BBD1C56BCE4003EA41A /* ViewController.swift in Sources */,
				A9004BBB1C56BCE4003EA41A /* AppDelegate.swift in Sources */,
			);
			runOnlyForDeploymentPostprocessing = 0;
		};
		A9004BD41C56BCE4003EA41A /* Sources */ = {
			isa = PBXSourcesBuildPhase;
			buildActionMask = 2147483647;
			files = (
				A9004BE01C56BCE4003EA41A /* ExtensionDelegate.swift in Sources */,
				A9004BDE1C56BCE4003EA41A /* InterfaceController.swift in Sources */,
			);
			runOnlyForDeploymentPostprocessing = 0;
		};
/* End PBXSourcesBuildPhase section */

/* Begin PBXTargetDependency section */
		A9004BCC1C56BCE4003EA41A /* PBXTargetDependency */ = {
			isa = PBXTargetDependency;
			target = A9004BC81C56BCE4003EA41A /* Exercise11 WatchKit App */;
			targetProxy = A9004BCB1C56BCE4003EA41A /* PBXContainerItemProxy */;
		};
		A9004BDB1C56BCE4003EA41A /* PBXTargetDependency */ = {
			isa = PBXTargetDependency;
			target = A9004BD71C56BCE4003EA41A /* Exercise11 WatchKit Extension */;
			targetProxy = A9004BDA1C56BCE4003EA41A /* PBXContainerItemProxy */;
		};
/* End PBXTargetDependency section */

/* Begin PBXVariantGroup section */
		A9004BBE1C56BCE4003EA41A /* Main.storyboard */ = {
			isa = PBXVariantGroup;
			children = (
				A9004BBF1C56BCE4003EA41A /* Base */,
			);
			name = Main.storyboard;
			sourceTree = "<group>";
		};
		A9004BC31C56BCE4003EA41A /* LaunchScreen.storyboard */ = {
			isa = PBXVariantGroup;
			children = (
				A9004BC41C56BCE4003EA41A /* Base */,
			);
			name = LaunchScreen.storyboard;
			sourceTree = "<group>";
		};
		A9004BCE1C56BCE4003EA41A /* Interface.storyboard */ = {
			isa = PBXVariantGroup;
			children = (
				A9004BCF1C56BCE4003EA41A /* Base */,
			);
			name = Interface.storyboard;
			sourceTree = "<group>";
		};
/* End PBXVariantGroup section */

/* Begin XCBuildConfiguration section */
		A9004BE41C56BCE4003EA41A /* Debug */ = {
			isa = XCBuildConfiguration;
			buildSettings = {
				ALWAYS_SEARCH_USER_PATHS = NO;
				CLANG_CXX_LANGUAGE_STANDARD = "gnu++0x";
				CLANG_CXX_LIBRARY = "libc++";
				CLANG_ENABLE_MODULES = YES;
				CLANG_ENABLE_OBJC_ARC = YES;
				CLANG_WARN_BOOL_CONVERSION = YES;
				CLANG_WARN_CONSTANT_CONVERSION = YES;
				CLANG_WARN_DIRECT_OBJC_ISA_USAGE = YES_ERROR;
				CLANG_WARN_EMPTY_BODY = YES;
				CLANG_WARN_ENUM_CONVERSION = YES;
				CLANG_WARN_INT_CONVERSION = YES;
				CLANG_WARN_OBJC_ROOT_CLASS = YES_ERROR;
				CLANG_WARN_UNREACHABLE_CODE = YES;
				CLANG_WARN__DUPLICATE_METHOD_MATCH = YES;
				"CODE_SIGN_IDENTITY[sdk=iphoneos*]" = "iPhone Developer";
				COPY_PHASE_STRIP = NO;
				DEBUG_INFORMATION_FORMAT = dwarf;
				ENABLE_STRICT_OBJC_MSGSEND = YES;
				ENABLE_TESTABILITY = YES;
				GCC_C_LANGUAGE_STANDARD = gnu99;
				GCC_DYNAMIC_NO_PIC = NO;
				GCC_NO_COMMON_BLOCKS = YES;
				GCC_OPTIMIZATION_LEVEL = 0;
				GCC_PREPROCESSOR_DEFINITIONS = (
					"DEBUG=1",
					"$(inherited)",
				);
				GCC_WARN_64_TO_32_BIT_CONVERSION = YES;
				GCC_WARN_ABOUT_RETURN_TYPE = YES_ERROR;
				GCC_WARN_UNDECLARED_SELECTOR = YES;
				GCC_WARN_UNINITIALIZED_AUTOS = YES_AGGRESSIVE;
				GCC_WARN_UNUSED_FUNCTION = YES;
				GCC_WARN_UNUSED_VARIABLE = YES;
				IPHONEOS_DEPLOYMENT_TARGET = 9.2;
				MTL_ENABLE_DEBUG_INFO = YES;
				ONLY_ACTIVE_ARCH = YES;
				SDKROOT = iphoneos;
				SWIFT_OPTIMIZATION_LEVEL = "-Onone";
			};
			name = Debug;
		};
		A9004BE51C56BCE4003EA41A /* Release */ = {
			isa = XCBuildConfiguration;
			buildSettings = {
				ALWAYS_SEARCH_USER_PATHS = NO;
				CLANG_CXX_LANGUAGE_STANDARD = "gnu++0x";
				CLANG_CXX_LIBRARY = "libc++";
				CLANG_ENABLE_MODULES = YES;
				CLANG_ENABLE_OBJC_ARC = YES;
				CLANG_WARN_BOOL_CONVERSION = YES;
				CLANG_WARN_CONSTANT_CONVERSION = YES;
				CLANG_WARN_DIRECT_OBJC_ISA_USAGE = YES_ERROR;
				CLANG_WARN_EMPTY_BODY = YES;
				CLANG_WARN_ENUM_CONVERSION = YES;
				CLANG_WARN_INT_CONVERSION = YES;
				CLANG_WARN_OBJC_ROOT_CLASS = YES_ERROR;
				CLANG_WARN_UNREACHABLE_CODE = YES;
				CLANG_WARN__DUPLICATE_METHOD_MATCH = YES;
				"CODE_SIGN_IDENTITY[sdk=iphoneos*]" = "iPhone Developer";
				COPY_PHASE_STRIP = NO;
				DEBUG_INFORMATION_FORMAT = "dwarf-with-dsym";
				ENABLE_NS_ASSERTIONS = NO;
				ENABLE_STRICT_OBJC_MSGSEND = YES;
				GCC_C_LANGUAGE_STANDARD = gnu99;
				GCC_NO_COMMON_BLOCKS = YES;
				GCC_WARN_64_TO_32_BIT_CONVERSION = YES;
				GCC_WARN_ABOUT_RETURN_TYPE = YES_ERROR;
				GCC_WARN_UNDECLARED_SELECTOR = YES;
				GCC_WARN_UNINITIALIZED_AUTOS = YES_AGGRESSIVE;
				GCC_WARN_UNUSED_FUNCTION = YES;
				GCC_WARN_UNUSED_VARIABLE = YES;
				IPHONEOS_DEPLOYMENT_TARGET = 9.2;
				MTL_ENABLE_DEBUG_INFO = NO;
				SDKROOT = iphoneos;
				VALIDATE_PRODUCT = YES;
			};
			name = Release;
		};
		A9004BE71C56BCE4003EA41A /* Debug */ = {
			isa = XCBuildConfiguration;
			buildSettings = {
				INFOPLIST_FILE = "Exercise11 WatchKit Extension/Info.plist";
				LD_RUNPATH_SEARCH_PATHS = "$(inherited) @executable_path/Frameworks @executable_path/../../Frameworks";
				PRODUCT_BUNDLE_IDENTIFIER = com.demo.UPSA.Exercise11.watchkitapp.watchkitextension;
				PRODUCT_NAME = "${TARGET_NAME}";
				SDKROOT = watchos;
				SKIP_INSTALL = YES;
				TARGETED_DEVICE_FAMILY = 4;
				WATCHOS_DEPLOYMENT_TARGET = 2.1;
			};
			name = Debug;
		};
		A9004BE81C56BCE4003EA41A /* Release */ = {
			isa = XCBuildConfiguration;
			buildSettings = {
				INFOPLIST_FILE = "Exercise11 WatchKit Extension/Info.plist";
				LD_RUNPATH_SEARCH_PATHS = "$(inherited) @executable_path/Frameworks @executable_path/../../Frameworks";
				PRODUCT_BUNDLE_IDENTIFIER = com.demo.UPSA.Exercise11.watchkitapp.watchkitextension;
				PRODUCT_NAME = "${TARGET_NAME}";
				SDKROOT = watchos;
				SKIP_INSTALL = YES;
				TARGETED_DEVICE_FAMILY = 4;
				WATCHOS_DEPLOYMENT_TARGET = 2.1;
			};
			name = Release;
		};
		A9004BEB1C56BCE4003EA41A /* Debug */ = {
			isa = XCBuildConfiguration;
			buildSettings = {
				ASSETCATALOG_COMPILER_APPICON_NAME = AppIcon;
				EMBEDDED_CONTENT_CONTAINS_SWIFT = YES;
				IBSC_MODULE = Exercise11_WatchKit_Extension;
				INFOPLIST_FILE = "Exercise11 WatchKit App/Info.plist";
				PRODUCT_BUNDLE_IDENTIFIER = com.demo.UPSA.Exercise11.watchkitapp;
				PRODUCT_NAME = "$(TARGET_NAME)";
				SDKROOT = watchos;
				SKIP_INSTALL = YES;
				TARGETED_DEVICE_FAMILY = 4;
				WATCHOS_DEPLOYMENT_TARGET = 2.1;
			};
			name = Debug;
		};
		A9004BEC1C56BCE4003EA41A /* Release */ = {
			isa = XCBuildConfiguration;
			buildSettings = {
				ASSETCATALOG_COMPILER_APPICON_NAME = AppIcon;
				EMBEDDED_CONTENT_CONTAINS_SWIFT = YES;
				IBSC_MODULE = Exercise11_WatchKit_Extension;
				INFOPLIST_FILE = "Exercise11 WatchKit App/Info.plist";
				PRODUCT_BUNDLE_IDENTIFIER = com.demo.UPSA.Exercise11.watchkitapp;
				PRODUCT_NAME = "$(TARGET_NAME)";
				SDKROOT = watchos;
				SKIP_INSTALL = YES;
				TARGETED_DEVICE_FAMILY = 4;
				WATCHOS_DEPLOYMENT_TARGET = 2.1;
			};
			name = Release;
		};
		A9004BEF1C56BCE4003EA41A /* Debug */ = {
			isa = XCBuildConfiguration;
			buildSettings = {
				ASSETCATALOG_COMPILER_APPICON_NAME = AppIcon;
				INFOPLIST_FILE = Exercise11/Info.plist;
				LD_RUNPATH_SEARCH_PATHS = "$(inherited) @executable_path/Frameworks";
				PRODUCT_BUNDLE_IDENTIFIER = com.demo.UPSA.Exercise11;
				PRODUCT_NAME = "$(TARGET_NAME)";
			};
			name = Debug;
		};
		A9004BF01C56BCE4003EA41A /* Release */ = {
			isa = XCBuildConfiguration;
			buildSettings = {
				ASSETCATALOG_COMPILER_APPICON_NAME = AppIcon;
				INFOPLIST_FILE = Exercise11/Info.plist;
				LD_RUNPATH_SEARCH_PATHS = "$(inherited) @executable_path/Frameworks";
				PRODUCT_BUNDLE_IDENTIFIER = com.demo.UPSA.Exercise11;
				PRODUCT_NAME = "$(TARGET_NAME)";
			};
			name = Release;
		};
/* End XCBuildConfiguration section */

/* Begin XCConfigurationList section */
		A9004BB21C56BCE4003EA41A /* Build configuration list for PBXProject "Exercise11" */ = {
			isa = XCConfigurationList;
			buildConfigurations = (
				A9004BE41C56BCE4003EA41A /* Debug */,
				A9004BE51C56BCE4003EA41A /* Release */,
			);
			defaultConfigurationIsVisible = 0;
			defaultConfigurationName = Release;
		};
		A9004BE61C56BCE4003EA41A /* Build configuration list for PBXNativeTarget "Exercise11 WatchKit Extension" */ = {
			isa = XCConfigurationList;
			buildConfigurations = (
				A9004BE71C56BCE4003EA41A /* Debug */,
				A9004BE81C56BCE4003EA41A /* Release */,
			);
			defaultConfigurationIsVisible = 0;
		};
		A9004BEA1C56BCE4003EA41A /* Build configuration list for PBXNativeTarget "Exercise11 WatchKit App" */ = {
			isa = XCConfigurationList;
			buildConfigurations = (
				A9004BEB1C56BCE4003EA41A /* Debug */,
				A9004BEC1C56BCE4003EA41A /* Release */,
			);
			defaultConfigurationIsVisible = 0;
		};
		A9004BEE1C56BCE4003EA41A /* Build configuration list for PBXNativeTarget "Exercise11" */ = {
			isa = XCConfigurationList;
			buildConfigurations = (
				A9004BEF1C56BCE4003EA41A /* Debug */,
				A9004BF01C56BCE4003EA41A /* Release */,
			);
			defaultConfigurationIsVisible = 0;
		};
/* End XCConfigurationList section */
	};
	rootObject = A9004BAF1C56BCE4003EA41A /* Project object */;
}
