// !$*UTF8*$!
{
	archiveVersion = 1;
	classes = {
	};
	objectVersion = 46;
	objects = {

/* Begin PBXBuildFile section */
		A94E0ED41C177B8700F8844F /* AppDelegate.swift in Sources */ = {isa = PBXBuildFile; fileRef = A94E0ED31C177B8700F8844F /* AppDelegate.swift */; };
		A94E0ED61C177B8700F8844F /* ViewController.swift in Sources */ = {isa = PBXBuildFile; fileRef = A94E0ED51C177B8700F8844F /* ViewController.swift */; };
		A94E0ED91C177B8700F8844F /* Main.storyboard in Resources */ = {isa = PBXBuildFile; fileRef = A94E0ED71C177B8700F8844F /* Main.storyboard */; };
		A94E0EDB1C177B8700F8844F /* Assets.xcassets in Resources */ = {isa = PBXBuildFile; fileRef = A94E0EDA1C177B8700F8844F /* Assets.xcassets */; };
		A94E0EDE1C177B8700F8844F /* LaunchScreen.storyboard in Resources */ = {isa = PBXBuildFile; fileRef = A94E0EDC1C177B8700F8844F /* LaunchScreen.storyboard */; };
		A94E0EE91C177B8700F8844F /* Exercise2Tests.swift in Sources */ = {isa = PBXBuildFile; fileRef = A94E0EE81C177B8700F8844F /* Exercise2Tests.swift */; };
		A94E0EF41C177B8700F8844F /* Exercise2UITests.swift in Sources */ = {isa = PBXBuildFile; fileRef = A94E0EF31C177B8700F8844F /* Exercise2UITests.swift */; };
		A94E0EF91C177B8700F8844F /* Exercise2 WatchKit App.app in Embed Watch Content */ = {isa = PBXBuildFile; fileRef = A94E0EF81C177B8700F8844F /* Exercise2 WatchKit App.app */; };
		A94E0EFF1C177B8700F8844F /* Interface.storyboard in Resources */ = {isa = PBXBuildFile; fileRef = A94E0EFD1C177B8700F8844F /* Interface.storyboard */; };
		A94E0F011C177B8700F8844F /* Assets.xcassets in Resources */ = {isa = PBXBuildFile; fileRef = A94E0F001C177B8700F8844F /* Assets.xcassets */; };
		A94E0F081C177B8700F8844F /* Exercise2 WatchKit Extension.appex in Embed App Extensions */ = {isa = PBXBuildFile; fileRef = A94E0F071C177B8700F8844F /* Exercise2 WatchKit Extension.appex */; settings = {ATTRIBUTES = (RemoveHeadersOnCopy, ); }; };
		A94E0F0D1C177B8700F8844F /* InterfaceController.swift in Sources */ = {isa = PBXBuildFile; fileRef = A94E0F0C1C177B8700F8844F /* InterfaceController.swift */; };
		A94E0F0F1C177B8700F8844F /* ExtensionDelegate.swift in Sources */ = {isa = PBXBuildFile; fileRef = A94E0F0E1C177B8700F8844F /* ExtensionDelegate.swift */; };
		A94E0F111C177B8700F8844F /* Assets.xcassets in Resources */ = {isa = PBXBuildFile; fileRef = A94E0F101C177B8700F8844F /* Assets.xcassets */; };
/* End PBXBuildFile section */

/* Begin PBXContainerItemProxy section */
		A94E0EE51C177B8700F8844F /* PBXContainerItemProxy */ = {
			isa = PBXContainerItemProxy;
			containerPortal = A94E0EC81C177B8700F8844F /* Project object */;
			proxyType = 1;
			remoteGlobalIDString = A94E0ECF1C177B8700F8844F;
			remoteInfo = Exercise2;
		};
		A94E0EF01C177B8700F8844F /* PBXContainerItemProxy */ = {
			isa = PBXContainerItemProxy;
			containerPortal = A94E0EC81C177B8700F8844F /* Project object */;
			proxyType = 1;
			remoteGlobalIDString = A94E0ECF1C177B8700F8844F;
			remoteInfo = Exercise2;
		};
		A94E0EFA1C177B8700F8844F /* PBXContainerItemProxy */ = {
			isa = PBXContainerItemProxy;
			containerPortal = A94E0EC81C177B8700F8844F /* Project object */;
			proxyType = 1;
			remoteGlobalIDString = A94E0EF71C177B8700F8844F;
			remoteInfo = "Exercise2 WatchKit App";
		};
		A94E0F091C177B8700F8844F /* PBXContainerItemProxy */ = {
			isa = PBXContainerItemProxy;
			containerPortal = A94E0EC81C177B8700F8844F /* Project object */;
			proxyType = 1;
			remoteGlobalIDString = A94E0F061C177B8700F8844F;
			remoteInfo = "Exercise2 WatchKit Extension";
		};
/* End PBXContainerItemProxy section */

/* Begin PBXCopyFilesBuildPhase section */
		A94E0F181C177B8700F8844F /* Embed App Extensions */ = {
			isa = PBXCopyFilesBuildPhase;
			buildActionMask = 2147483647;
			dstPath = "";
			dstSubfolderSpec = 13;
			files = (
				A94E0F081C177B8700F8844F /* Exercise2 WatchKit Extension.appex in Embed App Extensions */,
			);
			name = "Embed App Extensions";
			runOnlyForDeploymentPostprocessing = 0;
		};
		A94E0F1C1C177B8700F8844F /* Embed Watch Content */ = {
			isa = PBXCopyFilesBuildPhase;
			buildActionMask = 2147483647;
			dstPath = "$(CONTENTS_FOLDER_PATH)/Watch";
			dstSubfolderSpec = 16;
			files = (
				A94E0EF91C177B8700F8844F /* Exercise2 WatchKit App.app in Embed Watch Content */,
			);
			name = "Embed Watch Content";
			runOnlyForDeploymentPostprocessing = 0;
		};
/* End PBXCopyFilesBuildPhase section */

/* Begin PBXFileReference section */
		A94E0ED01C177B8700F8844F /* Exercise2.app */ = {isa = PBXFileReference; explicitFileType = wrapper.application; includeInIndex = 0; path = Exercise2.app; sourceTree = BUILT_PRODUCTS_DIR; };
		A94E0ED31C177B8700F8844F /* AppDelegate.swift */ = {isa = PBXFileReference; lastKnownFileType = sourcecode.swift; path = AppDelegate.swift; sourceTree = "<group>"; };
		A94E0ED51C177B8700F8844F /* ViewController.swift */ = {isa = PBXFileReference; lastKnownFileType = sourcecode.swift; path = ViewController.swift; sourceTree = "<group>"; };
		A94E0ED81C177B8700F8844F /* Base */ = {isa = PBXFileReference; lastKnownFileType = file.storyboard; name = Base; path = Base.lproj/Main.storyboard; sourceTree = "<group>"; };
		A94E0EDA1C177B8700F8844F /* Assets.xcassets */ = {isa = PBXFileReference; lastKnownFileType = folder.assetcatalog; path = Assets.xcassets; sourceTree = "<group>"; };
		A94E0EDD1C177B8700F8844F /* Base */ = {isa = PBXFileReference; lastKnownFileType = file.storyboard; name = Base; path = Base.lproj/LaunchScreen.storyboard; sourceTree = "<group>"; };
		A94E0EDF1C177B8700F8844F /* Info.plist */ = {isa = PBXFileReference; lastKnownFileType = text.plist.xml; path = Info.plist; sourceTree = "<group>"; };
		A94E0EE41C177B8700F8844F /* Exercise2Tests.xctest */ = {isa = PBXFileReference; explicitFileType = wrapper.cfbundle; includeInIndex = 0; path = Exercise2Tests.xctest; sourceTree = BUILT_PRODUCTS_DIR; };
		A94E0EE81C177B8700F8844F /* Exercise2Tests.swift */ = {isa = PBXFileReference; lastKnownFileType = sourcecode.swift; path = Exercise2Tests.swift; sourceTree = "<group>"; };
		A94E0EEA1C177B8700F8844F /* Info.plist */ = {isa = PBXFileReference; lastKnownFileType = text.plist.xml; path = Info.plist; sourceTree = "<group>"; };
		A94E0EEF1C177B8700F8844F /* Exercise2UITests.xctest */ = {isa = PBXFileReference; explicitFileType = wrapper.cfbundle; includeInIndex = 0; path = Exercise2UITests.xctest; sourceTree = BUILT_PRODUCTS_DIR; };
		A94E0EF31C177B8700F8844F /* Exercise2UITests.swift */ = {isa = PBXFileReference; lastKnownFileType = sourcecode.swift; path = Exercise2UITests.swift; sourceTree = "<group>"; };
		A94E0EF51C177B8700F8844F /* Info.plist */ = {isa = PBXFileReference; lastKnownFileType = text.plist.xml; path = Info.plist; sourceTree = "<group>"; };
		A94E0EF81C177B8700F8844F /* Exercise2 WatchKit App.app */ = {isa = PBXFileReference; explicitFileType = wrapper.application; includeInIndex = 0; path = "Exercise2 WatchKit App.app"; sourceTree = BUILT_PRODUCTS_DIR; };
		A94E0EFE1C177B8700F8844F /* Base */ = {isa = PBXFileReference; lastKnownFileType = file.storyboard; name = Base; path = Base.lproj/Interface.storyboard; sourceTree = "<group>"; };
		A94E0F001C177B8700F8844F /* Assets.xcassets */ = {isa = PBXFileReference; lastKnownFileType = folder.assetcatalog; path = Assets.xcassets; sourceTree = "<group>"; };
		A94E0F021C177B8700F8844F /* Info.plist */ = {isa = PBXFileReference; lastKnownFileType = text.plist.xml; path = Info.plist; sourceTree = "<group>"; };
		A94E0F071C177B8700F8844F /* Exercise2 WatchKit Extension.appex */ = {isa = PBXFileReference; explicitFileType = "wrapper.app-extension"; includeInIndex = 0; path = "Exercise2 WatchKit Extension.appex"; sourceTree = BUILT_PRODUCTS_DIR; };
		A94E0F0C1C177B8700F8844F /* InterfaceController.swift */ = {isa = PBXFileReference; lastKnownFileType = sourcecode.swift; path = InterfaceController.swift; sourceTree = "<group>"; };
		A94E0F0E1C177B8700F8844F /* ExtensionDelegate.swift */ = {isa = PBXFileReference; lastKnownFileType = sourcecode.swift; path = ExtensionDelegate.swift; sourceTree = "<group>"; };
		A94E0F101C177B8700F8844F /* Assets.xcassets */ = {isa = PBXFileReference; lastKnownFileType = folder.assetcatalog; path = Assets.xcassets; sourceTree = "<group>"; };
		A94E0F121C177B8700F8844F /* Info.plist */ = {isa = PBXFileReference; lastKnownFileType = text.plist.xml; path = Info.plist; sourceTree = "<group>"; };
/* End PBXFileReference section */

/* Begin PBXFrameworksBuildPhase section */
		A94E0ECD1C177B8700F8844F /* Frameworks */ = {
			isa = PBXFrameworksBuildPhase;
			buildActionMask = 2147483647;
			files = (
			);
			runOnlyForDeploymentPostprocessing = 0;
		};
		A94E0EE11C177B8700F8844F /* Frameworks */ = {
			isa = PBXFrameworksBuildPhase;
			buildActionMask = 2147483647;
			files = (
			);
			runOnlyForDeploymentPostprocessing = 0;
		};
		A94E0EEC1C177B8700F8844F /* Frameworks */ = {
			isa = PBXFrameworksBuildPhase;
			buildActionMask = 2147483647;
			files = (
			);
			runOnlyForDeploymentPostprocessing = 0;
		};
		A94E0F041C177B8700F8844F /* Frameworks */ = {
			isa = PBXFrameworksBuildPhase;
			buildActionMask = 2147483647;
			files = (
			);
			runOnlyForDeploymentPostprocessing = 0;
		};
/* End PBXFrameworksBuildPhase section */

/* Begin PBXGroup section */
		A94E0EC71C177B8700F8844F = {
			isa = PBXGroup;
			children = (
				A94E0ED21C177B8700F8844F /* Exercise2 */,
				A94E0EE71C177B8700F8844F /* Exercise2Tests */,
				A94E0EF21C177B8700F8844F /* Exercise2UITests */,
				A94E0EFC1C177B8700F8844F /* Exercise2 WatchKit App */,
				A94E0F0B1C177B8700F8844F /* Exercise2 WatchKit Extension */,
				A94E0ED11C177B8700F8844F /* Products */,
			);
			sourceTree = "<group>";
		};
		A94E0ED11C177B8700F8844F /* Products */ = {
			isa = PBXGroup;
			children = (
				A94E0ED01C177B8700F8844F /* Exercise2.app */,
				A94E0EE41C177B8700F8844F /* Exercise2Tests.xctest */,
				A94E0EEF1C177B8700F8844F /* Exercise2UITests.xctest */,
				A94E0EF81C177B8700F8844F /* Exercise2 WatchKit App.app */,
				A94E0F071C177B8700F8844F /* Exercise2 WatchKit Extension.appex */,
			);
			name = Products;
			sourceTree = "<group>";
		};
		A94E0ED21C177B8700F8844F /* Exercise2 */ = {
			isa = PBXGroup;
			children = (
				A94E0ED31C177B8700F8844F /* AppDelegate.swift */,
				A94E0ED51C177B8700F8844F /* ViewController.swift */,
				A94E0ED71C177B8700F8844F /* Main.storyboard */,
				A94E0EDA1C177B8700F8844F /* Assets.xcassets */,
				A94E0EDC1C177B8700F8844F /* LaunchScreen.storyboard */,
				A94E0EDF1C177B8700F8844F /* Info.plist */,
			);
			path = Exercise2;
			sourceTree = "<group>";
		};
		A94E0EE71C177B8700F8844F /* Exercise2Tests */ = {
			isa = PBXGroup;
			children = (
				A94E0EE81C177B8700F8844F /* Exercise2Tests.swift */,
				A94E0EEA1C177B8700F8844F /* Info.plist */,
			);
			path = Exercise2Tests;
			sourceTree = "<group>";
		};
		A94E0EF21C177B8700F8844F /* Exercise2UITests */ = {
			isa = PBXGroup;
			children = (
				A94E0EF31C177B8700F8844F /* Exercise2UITests.swift */,
				A94E0EF51C177B8700F8844F /* Info.plist */,
			);
			path = Exercise2UITests;
			sourceTree = "<group>";
		};
		A94E0EFC1C177B8700F8844F /* Exercise2 WatchKit App */ = {
			isa = PBXGroup;
			children = (
				A94E0EFD1C177B8700F8844F /* Interface.storyboard */,
				A94E0F001C177B8700F8844F /* Assets.xcassets */,
				A94E0F021C177B8700F8844F /* Info.plist */,
			);
			path = "Exercise2 WatchKit App";
			sourceTree = "<group>";
		};
		A94E0F0B1C177B8700F8844F /* Exercise2 WatchKit Extension */ = {
			isa = PBXGroup;
			children = (
				A94E0F0C1C177B8700F8844F /* InterfaceController.swift */,
				A94E0F0E1C177B8700F8844F /* ExtensionDelegate.swift */,
				A94E0F101C177B8700F8844F /* Assets.xcassets */,
				A94E0F121C177B8700F8844F /* Info.plist */,
			);
			path = "Exercise2 WatchKit Extension";
			sourceTree = "<group>";
		};
/* End PBXGroup section */

/* Begin PBXNativeTarget section */
		A94E0ECF1C177B8700F8844F /* Exercise2 */ = {
			isa = PBXNativeTarget;
			buildConfigurationList = A94E0F1D1C177B8700F8844F /* Build configuration list for PBXNativeTarget "Exercise2" */;
			buildPhases = (
				A94E0ECC1C177B8700F8844F /* Sources */,
				A94E0ECD1C177B8700F8844F /* Frameworks */,
				A94E0ECE1C177B8700F8844F /* Resources */,
				A94E0F1C1C177B8700F8844F /* Embed Watch Content */,
			);
			buildRules = (
			);
			dependencies = (
				A94E0EFB1C177B8700F8844F /* PBXTargetDependency */,
			);
			name = Exercise2;
			productName = Exercise2;
			productReference = A94E0ED01C177B8700F8844F /* Exercise2.app */;
			productType = "com.apple.product-type.application";
		};
		A94E0EE31C177B8700F8844F /* Exercise2Tests */ = {
			isa = PBXNativeTarget;
			buildConfigurationList = A94E0F201C177B8700F8844F /* Build configuration list for PBXNativeTarget "Exercise2Tests" */;
			buildPhases = (
				A94E0EE01C177B8700F8844F /* Sources */,
				A94E0EE11C177B8700F8844F /* Frameworks */,
				A94E0EE21C177B8700F8844F /* Resources */,
			);
			buildRules = (
			);
			dependencies = (
				A94E0EE61C177B8700F8844F /* PBXTargetDependency */,
			);
			name = Exercise2Tests;
			productName = Exercise2Tests;
			productReference = A94E0EE41C177B8700F8844F /* Exercise2Tests.xctest */;
			productType = "com.apple.product-type.bundle.unit-test";
		};
		A94E0EEE1C177B8700F8844F /* Exercise2UITests */ = {
			isa = PBXNativeTarget;
			buildConfigurationList = A94E0F231C177B8700F8844F /* Build configuration list for PBXNativeTarget "Exercise2UITests" */;
			buildPhases = (
				A94E0EEB1C177B8700F8844F /* Sources */,
				A94E0EEC1C177B8700F8844F /* Frameworks */,
				A94E0EED1C177B8700F8844F /* Resources */,
			);
			buildRules = (
			);
			dependencies = (
				A94E0EF11C177B8700F8844F /* PBXTargetDependency */,
			);
			name = Exercise2UITests;
			productName = Exercise2UITests;
			productReference = A94E0EEF1C177B8700F8844F /* Exercise2UITests.xctest */;
			productType = "com.apple.product-type.bundle.ui-testing";
		};
		A94E0EF71C177B8700F8844F /* Exercise2 WatchKit App */ = {
			isa = PBXNativeTarget;
			buildConfigurationList = A94E0F191C177B8700F8844F /* Build configuration list for PBXNativeTarget "Exercise2 WatchKit App" */;
			buildPhases = (
				A94E0EF61C177B8700F8844F /* Resources */,
				A94E0F181C177B8700F8844F /* Embed App Extensions */,
			);
			buildRules = (
			);
			dependencies = (
				A94E0F0A1C177B8700F8844F /* PBXTargetDependency */,
			);
			name = "Exercise2 WatchKit App";
			productName = "Exercise2 WatchKit App";
			productReference = A94E0EF81C177B8700F8844F /* Exercise2 WatchKit App.app */;
			productType = "com.apple.product-type.application.watchapp2";
		};
		A94E0F061C177B8700F8844F /* Exercise2 WatchKit Extension */ = {
			isa = PBXNativeTarget;
			buildConfigurationList = A94E0F151C177B8700F8844F /* Build configuration list for PBXNativeTarget "Exercise2 WatchKit Extension" */;
			buildPhases = (
				A94E0F031C177B8700F8844F /* Sources */,
				A94E0F041C177B8700F8844F /* Frameworks */,
				A94E0F051C177B8700F8844F /* Resources */,
			);
			buildRules = (
			);
			dependencies = (
			);
			name = "Exercise2 WatchKit Extension";
			productName = "Exercise2 WatchKit Extension";
			productReference = A94E0F071C177B8700F8844F /* Exercise2 WatchKit Extension.appex */;
			productType = "com.apple.product-type.watchkit2-extension";
		};
/* End PBXNativeTarget section */

/* Begin PBXProject section */
		A94E0EC81C177B8700F8844F /* Project object */ = {
			isa = PBXProject;
			attributes = {
				LastSwiftUpdateCheck = 0710;
				LastUpgradeCheck = 0710;
				ORGANIZATIONNAME = UPSA;
				TargetAttributes = {
					A94E0ECF1C177B8700F8844F = {
						CreatedOnToolsVersion = 7.1.1;
					};
					A94E0EE31C177B8700F8844F = {
						CreatedOnToolsVersion = 7.1.1;
						TestTargetID = A94E0ECF1C177B8700F8844F;
					};
					A94E0EEE1C177B8700F8844F = {
						CreatedOnToolsVersion = 7.1.1;
						TestTargetID = A94E0ECF1C177B8700F8844F;
					};
					A94E0EF71C177B8700F8844F = {
						CreatedOnToolsVersion = 7.1.1;
					};
					A94E0F061C177B8700F8844F = {
						CreatedOnToolsVersion = 7.1.1;
					};
				};
			};
			buildConfigurationList = A94E0ECB1C177B8700F8844F /* Build configuration list for PBXProject "Exercise2" */;
			compatibilityVersion = "Xcode 3.2";
			developmentRegion = English;
			hasScannedForEncodings = 0;
			knownRegions = (
				en,
				Base,
			);
			mainGroup = A94E0EC71C177B8700F8844F;
			productRefGroup = A94E0ED11C177B8700F8844F /* Products */;
			projectDirPath = "";
			projectRoot = "";
			targets = (
				A94E0ECF1C177B8700F8844F /* Exercise2 */,
				A94E0EE31C177B8700F8844F /* Exercise2Tests */,
				A94E0EEE1C177B8700F8844F /* Exercise2UITests */,
				A94E0EF71C177B8700F8844F /* Exercise2 WatchKit App */,
				A94E0F061C177B8700F8844F /* Exercise2 WatchKit Extension */,
			);
		};
/* End PBXProject section */

/* Begin PBXResourcesBuildPhase section */
		A94E0ECE1C177B8700F8844F /* Resources */ = {
			isa = PBXResourcesBuildPhase;
			buildActionMask = 2147483647;
			files = (
				A94E0EDE1C177B8700F8844F /* LaunchScreen.storyboard in Resources */,
				A94E0EDB1C177B8700F8844F /* Assets.xcassets in Resources */,
				A94E0ED91C177B8700F8844F /* Main.storyboard in Resources */,
			);
			runOnlyForDeploymentPostprocessing = 0;
		};
		A94E0EE21C177B8700F8844F /* Resources */ = {
			isa = PBXResourcesBuildPhase;
			buildActionMask = 2147483647;
			files = (
			);
			runOnlyForDeploymentPostprocessing = 0;
		};
		A94E0EED1C177B8700F8844F /* Resources */ = {
			isa = PBXResourcesBuildPhase;
			buildActionMask = 2147483647;
			files = (
			);
			runOnlyForDeploymentPostprocessing = 0;
		};
		A94E0EF61C177B8700F8844F /* Resources */ = {
			isa = PBXResourcesBuildPhase;
			buildActionMask = 2147483647;
			files = (
				A94E0F011C177B8700F8844F /* Assets.xcassets in Resources */,
				A94E0EFF1C177B8700F8844F /* Interface.storyboard in Resources */,
			);
			runOnlyForDeploymentPostprocessing = 0;
		};
		A94E0F051C177B8700F8844F /* Resources */ = {
			isa = PBXResourcesBuildPhase;
			buildActionMask = 2147483647;
			files = (
				A94E0F111C177B8700F8844F /* Assets.xcassets in Resources */,
			);
			runOnlyForDeploymentPostprocessing = 0;
		};
/* End PBXResourcesBuildPhase section */

/* Begin PBXSourcesBuildPhase section */
		A94E0ECC1C177B8700F8844F /* Sources */ = {
			isa = PBXSourcesBuildPhase;
			buildActionMask = 2147483647;
			files = (
				A94E0ED61C177B8700F8844F /* ViewController.swift in Sources */,
				A94E0ED41C177B8700F8844F /* AppDelegate.swift in Sources */,
			);
			runOnlyForDeploymentPostprocessing = 0;
		};
		A94E0EE01C177B8700F8844F /* Sources */ = {
			isa = PBXSourcesBuildPhase;
			buildActionMask = 2147483647;
			files = (
				A94E0EE91C177B8700F8844F /* Exercise2Tests.swift in Sources */,
			);
			runOnlyForDeploymentPostprocessing = 0;
		};
		A94E0EEB1C177B8700F8844F /* Sources */ = {
			isa = PBXSourcesBuildPhase;
			buildActionMask = 2147483647;
			files = (
				A94E0EF41C177B8700F8844F /* Exercise2UITests.swift in Sources */,
			);
			runOnlyForDeploymentPostprocessing = 0;
		};
		A94E0F031C177B8700F8844F /* Sources */ = {
			isa = PBXSourcesBuildPhase;
			buildActionMask = 2147483647;
			files = (
				A94E0F0F1C177B8700F8844F /* ExtensionDelegate.swift in Sources */,
				A94E0F0D1C177B8700F8844F /* InterfaceController.swift in Sources */,
			);
			runOnlyForDeploymentPostprocessing = 0;
		};
/* End PBXSourcesBuildPhase section */

/* Begin PBXTargetDependency section */
		A94E0EE61C177B8700F8844F /* PBXTargetDependency */ = {
			isa = PBXTargetDependency;
			target = A94E0ECF1C177B8700F8844F /* Exercise2 */;
			targetProxy = A94E0EE51C177B8700F8844F /* PBXContainerItemProxy */;
		};
		A94E0EF11C177B8700F8844F /* PBXTargetDependency */ = {
			isa = PBXTargetDependency;
			target = A94E0ECF1C177B8700F8844F /* Exercise2 */;
			targetProxy = A94E0EF01C177B8700F8844F /* PBXContainerItemProxy */;
		};
		A94E0EFB1C177B8700F8844F /* PBXTargetDependency */ = {
			isa = PBXTargetDependency;
			target = A94E0EF71C177B8700F8844F /* Exercise2 WatchKit App */;
			targetProxy = A94E0EFA1C177B8700F8844F /* PBXContainerItemProxy */;
		};
		A94E0F0A1C177B8700F8844F /* PBXTargetDependency */ = {
			isa = PBXTargetDependency;
			target = A94E0F061C177B8700F8844F /* Exercise2 WatchKit Extension */;
			targetProxy = A94E0F091C177B8700F8844F /* PBXContainerItemProxy */;
		};
/* End PBXTargetDependency section */

/* Begin PBXVariantGroup section */
		A94E0ED71C177B8700F8844F /* Main.storyboard */ = {
			isa = PBXVariantGroup;
			children = (
				A94E0ED81C177B8700F8844F /* Base */,
			);
			name = Main.storyboard;
			sourceTree = "<group>";
		};
		A94E0EDC1C177B8700F8844F /* LaunchScreen.storyboard */ = {
			isa = PBXVariantGroup;
			children = (
				A94E0EDD1C177B8700F8844F /* Base */,
			);
			name = LaunchScreen.storyboard;
			sourceTree = "<group>";
		};
		A94E0EFD1C177B8700F8844F /* Interface.storyboard */ = {
			isa = PBXVariantGroup;
			children = (
				A94E0EFE1C177B8700F8844F /* Base */,
			);
			name = Interface.storyboard;
			sourceTree = "<group>";
		};
/* End PBXVariantGroup section */

/* Begin XCBuildConfiguration section */
		A94E0F131C177B8700F8844F /* Debug */ = {
			isa = XCBuildConfiguration;
			buildSettings = {
				ALWAYS_SEARCH_USER_PATHS = NO;
				CLANG_CXX_LANGUAGE_STANDARD = "gnu++0x";
				CLANG_CXX_LIBRARY = "libc++";
				CLANG_ENABLE_MODULES = YES;
				CLANG_ENABLE_OBJC_ARC = YES;
				CLANG_WARN_BOOL_CONVERSION = YES;
				CLANG_WARN_CONSTANT_CONVERSION = YES;
				CLANG_WARN_DIRECT_OBJC_ISA_USAGE = YES_ERROR;
				CLANG_WARN_EMPTY_BODY = YES;
				CLANG_WARN_ENUM_CONVERSION = YES;
				CLANG_WARN_INT_CONVERSION = YES;
				CLANG_WARN_OBJC_ROOT_CLASS = YES_ERROR;
				CLANG_WARN_UNREACHABLE_CODE = YES;
				CLANG_WARN__DUPLICATE_METHOD_MATCH = YES;
				"CODE_SIGN_IDENTITY[sdk=iphoneos*]" = "iPhone Developer";
				COPY_PHASE_STRIP = NO;
				DEBUG_INFORMATION_FORMAT = dwarf;
				ENABLE_STRICT_OBJC_MSGSEND = YES;
				ENABLE_TESTABILITY = YES;
				GCC_C_LANGUAGE_STANDARD = gnu99;
				GCC_DYNAMIC_NO_PIC = NO;
				GCC_NO_COMMON_BLOCKS = YES;
				GCC_OPTIMIZATION_LEVEL = 0;
				GCC_PREPROCESSOR_DEFINITIONS = (
					"DEBUG=1",
					"$(inherited)",
				);
				GCC_WARN_64_TO_32_BIT_CONVERSION = YES;
				GCC_WARN_ABOUT_RETURN_TYPE = YES_ERROR;
				GCC_WARN_UNDECLARED_SELECTOR = YES;
				GCC_WARN_UNINITIALIZED_AUTOS = YES_AGGRESSIVE;
				GCC_WARN_UNUSED_FUNCTION = YES;
				GCC_WARN_UNUSED_VARIABLE = YES;
				IPHONEOS_DEPLOYMENT_TARGET = 9.1;
				MTL_ENABLE_DEBUG_INFO = YES;
				ONLY_ACTIVE_ARCH = YES;
				SDKROOT = iphoneos;
				SWIFT_OPTIMIZATION_LEVEL = "-Onone";
			};
			name = Debug;
		};
		A94E0F141C177B8700F8844F /* Release */ = {
			isa = XCBuildConfiguration;
			buildSettings = {
				ALWAYS_SEARCH_USER_PATHS = NO;
				CLANG_CXX_LANGUAGE_STANDARD = "gnu++0x";
				CLANG_CXX_LIBRARY = "libc++";
				CLANG_ENABLE_MODULES = YES;
				CLANG_ENABLE_OBJC_ARC = YES;
				CLANG_WARN_BOOL_CONVERSION = YES;
				CLANG_WARN_CONSTANT_CONVERSION = YES;
				CLANG_WARN_DIRECT_OBJC_ISA_USAGE = YES_ERROR;
				CLANG_WARN_EMPTY_BODY = YES;
				CLANG_WARN_ENUM_CONVERSION = YES;
				CLANG_WARN_INT_CONVERSION = YES;
				CLANG_WARN_OBJC_ROOT_CLASS = YES_ERROR;
				CLANG_WARN_UNREACHABLE_CODE = YES;
				CLANG_WARN__DUPLICATE_METHOD_MATCH = YES;
				"CODE_SIGN_IDENTITY[sdk=iphoneos*]" = "iPhone Developer";
				COPY_PHASE_STRIP = NO;
				DEBUG_INFORMATION_FORMAT = "dwarf-with-dsym";
				ENABLE_NS_ASSERTIONS = NO;
				ENABLE_STRICT_OBJC_MSGSEND = YES;
				GCC_C_LANGUAGE_STANDARD = gnu99;
				GCC_NO_COMMON_BLOCKS = YES;
				GCC_WARN_64_TO_32_BIT_CONVERSION = YES;
				GCC_WARN_ABOUT_RETURN_TYPE = YES_ERROR;
				GCC_WARN_UNDECLARED_SELECTOR = YES;
				GCC_WARN_UNINITIALIZED_AUTOS = YES_AGGRESSIVE;
				GCC_WARN_UNUSED_FUNCTION = YES;
				GCC_WARN_UNUSED_VARIABLE = YES;
				IPHONEOS_DEPLOYMENT_TARGET = 9.1;
				MTL_ENABLE_DEBUG_INFO = NO;
				SDKROOT = iphoneos;
				VALIDATE_PRODUCT = YES;
			};
			name = Release;
		};
		A94E0F161C177B8700F8844F /* Debug */ = {
			isa = XCBuildConfiguration;
			buildSettings = {
				INFOPLIST_FILE = "Exercise2 WatchKit Extension/Info.plist";
				LD_RUNPATH_SEARCH_PATHS = "$(inherited) @executable_path/Frameworks @executable_path/../../Frameworks";
				PRODUCT_BUNDLE_IDENTIFIER = com.demo.UPSA.Exercise2.watchkitapp.watchkitextension;
				PRODUCT_NAME = "${TARGET_NAME}";
				SDKROOT = watchos;
				SKIP_INSTALL = YES;
				TARGETED_DEVICE_FAMILY = 4;
				WATCHOS_DEPLOYMENT_TARGET = 2.0;
			};
			name = Debug;
		};
		A94E0F171C177B8700F8844F /* Release */ = {
			isa = XCBuildConfiguration;
			buildSettings = {
				INFOPLIST_FILE = "Exercise2 WatchKit Extension/Info.plist";
				LD_RUNPATH_SEARCH_PATHS = "$(inherited) @executable_path/Frameworks @executable_path/../../Frameworks";
				PRODUCT_BUNDLE_IDENTIFIER = com.demo.UPSA.Exercise2.watchkitapp.watchkitextension;
				PRODUCT_NAME = "${TARGET_NAME}";
				SDKROOT = watchos;
				SKIP_INSTALL = YES;
				TARGETED_DEVICE_FAMILY = 4;
				WATCHOS_DEPLOYMENT_TARGET = 2.0;
			};
			name = Release;
		};
		A94E0F1A1C177B8700F8844F /* Debug */ = {
			isa = XCBuildConfiguration;
			buildSettings = {
				ASSETCATALOG_COMPILER_APPICON_NAME = AppIcon;
				EMBEDDED_CONTENT_CONTAINS_SWIFT = YES;
				IBSC_MODULE = Exercise2_WatchKit_Extension;
				INFOPLIST_FILE = "Exercise2 WatchKit App/Info.plist";
				PRODUCT_BUNDLE_IDENTIFIER = com.demo.UPSA.Exercise2.watchkitapp;
				PRODUCT_NAME = "$(TARGET_NAME)";
				SDKROOT = watchos;
				SKIP_INSTALL = YES;
				TARGETED_DEVICE_FAMILY = 4;
				WATCHOS_DEPLOYMENT_TARGET = 2.0;
			};
			name = Debug;
		};
		A94E0F1B1C177B8700F8844F /* Release */ = {
			isa = XCBuildConfiguration;
			buildSettings = {
				ASSETCATALOG_COMPILER_APPICON_NAME = AppIcon;
				EMBEDDED_CONTENT_CONTAINS_SWIFT = YES;
				IBSC_MODULE = Exercise2_WatchKit_Extension;
				INFOPLIST_FILE = "Exercise2 WatchKit App/Info.plist";
				PRODUCT_BUNDLE_IDENTIFIER = com.demo.UPSA.Exercise2.watchkitapp;
				PRODUCT_NAME = "$(TARGET_NAME)";
				SDKROOT = watchos;
				SKIP_INSTALL = YES;
				TARGETED_DEVICE_FAMILY = 4;
				WATCHOS_DEPLOYMENT_TARGET = 2.0;
			};
			name = Release;
		};
		A94E0F1E1C177B8700F8844F /* Debug */ = {
			isa = XCBuildConfiguration;
			buildSettings = {
				ASSETCATALOG_COMPILER_APPICON_NAME = AppIcon;
				INFOPLIST_FILE = Exercise2/Info.plist;
				LD_RUNPATH_SEARCH_PATHS = "$(inherited) @executable_path/Frameworks";
				PRODUCT_BUNDLE_IDENTIFIER = com.demo.UPSA.Exercise2;
				PRODUCT_NAME = "$(TARGET_NAME)";
			};
			name = Debug;
		};
		A94E0F1F1C177B8700F8844F /* Release */ = {
			isa = XCBuildConfiguration;
			buildSettings = {
				ASSETCATALOG_COMPILER_APPICON_NAME = AppIcon;
				INFOPLIST_FILE = Exercise2/Info.plist;
				LD_RUNPATH_SEARCH_PATHS = "$(inherited) @executable_path/Frameworks";
				PRODUCT_BUNDLE_IDENTIFIER = com.demo.UPSA.Exercise2;
				PRODUCT_NAME = "$(TARGET_NAME)";
			};
			name = Release;
		};
		A94E0F211C177B8700F8844F /* Debug */ = {
			isa = XCBuildConfiguration;
			buildSettings = {
				BUNDLE_LOADER = "$(TEST_HOST)";
				INFOPLIST_FILE = Exercise2Tests/Info.plist;
				LD_RUNPATH_SEARCH_PATHS = "$(inherited) @executable_path/Frameworks @loader_path/Frameworks";
				PRODUCT_BUNDLE_IDENTIFIER = com.demo.UPSA.Exercise2Tests;
				PRODUCT_NAME = "$(TARGET_NAME)";
				TEST_HOST = "$(BUILT_PRODUCTS_DIR)/Exercise2.app/Exercise2";
			};
			name = Debug;
		};
		A94E0F221C177B8700F8844F /* Release */ = {
			isa = XCBuildConfiguration;
			buildSettings = {
				BUNDLE_LOADER = "$(TEST_HOST)";
				INFOPLIST_FILE = Exercise2Tests/Info.plist;
				LD_RUNPATH_SEARCH_PATHS = "$(inherited) @executable_path/Frameworks @loader_path/Frameworks";
				PRODUCT_BUNDLE_IDENTIFIER = com.demo.UPSA.Exercise2Tests;
				PRODUCT_NAME = "$(TARGET_NAME)";
				TEST_HOST = "$(BUILT_PRODUCTS_DIR)/Exercise2.app/Exercise2";
			};
			name = Release;
		};
		A94E0F241C177B8700F8844F /* Debug */ = {
			isa = XCBuildConfiguration;
			buildSettings = {
				INFOPLIST_FILE = Exercise2UITests/Info.plist;
				LD_RUNPATH_SEARCH_PATHS = "$(inherited) @executable_path/Frameworks @loader_path/Frameworks";
				PRODUCT_BUNDLE_IDENTIFIER = com.demo.UPSA.Exercise2UITests;
				PRODUCT_NAME = "$(TARGET_NAME)";
				TEST_TARGET_NAME = Exercise2;
				USES_XCTRUNNER = YES;
			};
			name = Debug;
		};
		A94E0F251C177B8700F8844F /* Release */ = {
			isa = XCBuildConfiguration;
			buildSettings = {
				INFOPLIST_FILE = Exercise2UITests/Info.plist;
				LD_RUNPATH_SEARCH_PATHS = "$(inherited) @executable_path/Frameworks @loader_path/Frameworks";
				PRODUCT_BUNDLE_IDENTIFIER = com.demo.UPSA.Exercise2UITests;
				PRODUCT_NAME = "$(TARGET_NAME)";
				TEST_TARGET_NAME = Exercise2;
				USES_XCTRUNNER = YES;
			};
			name = Release;
		};
/* End XCBuildConfiguration section */

/* Begin XCConfigurationList section */
		A94E0ECB1C177B8700F8844F /* Build configuration list for PBXProject "Exercise2" */ = {
			isa = XCConfigurationList;
			buildConfigurations = (
				A94E0F131C177B8700F8844F /* Debug */,
				A94E0F141C177B8700F8844F /* Release */,
			);
			defaultConfigurationIsVisible = 0;
			defaultConfigurationName = Release;
		};
		A94E0F151C177B8700F8844F /* Build configuration list for PBXNativeTarget "Exercise2 WatchKit Extension" */ = {
			isa = XCConfigurationList;
			buildConfigurations = (
				A94E0F161C177B8700F8844F /* Debug */,
				A94E0F171C177B8700F8844F /* Release */,
			);
			defaultConfigurationIsVisible = 0;
		};
		A94E0F191C177B8700F8844F /* Build configuration list for PBXNativeTarget "Exercise2 WatchKit App" */ = {
			isa = XCConfigurationList;
			buildConfigurations = (
				A94E0F1A1C177B8700F8844F /* Debug */,
				A94E0F1B1C177B8700F8844F /* Release */,
			);
			defaultConfigurationIsVisible = 0;
		};
		A94E0F1D1C177B8700F8844F /* Build configuration list for PBXNativeTarget "Exercise2" */ = {
			isa = XCConfigurationList;
			buildConfigurations = (
				A94E0F1E1C177B8700F8844F /* Debug */,
				A94E0F1F1C177B8700F8844F /* Release */,
			);
			defaultConfigurationIsVisible = 0;
		};
		A94E0F201C177B8700F8844F /* Build configuration list for PBXNativeTarget "Exercise2Tests" */ = {
			isa = XCConfigurationList;
			buildConfigurations = (
				A94E0F211C177B8700F8844F /* Debug */,
				A94E0F221C177B8700F8844F /* Release */,
			);
			defaultConfigurationIsVisible = 0;
		};
		A94E0F231C177B8700F8844F /* Build configuration list for PBXNativeTarget "Exercise2UITests" */ = {
			isa = XCConfigurationList;
			buildConfigurations = (
				A94E0F241C177B8700F8844F /* Debug */,
				A94E0F251C177B8700F8844F /* Release */,
			);
			defaultConfigurationIsVisible = 0;
		};
/* End XCConfigurationList section */
	};
	rootObject = A94E0EC81C177B8700F8844F /* Project object */;
}
